
Microsoft Visual Studio Solution File, Format Version 12.00
# Visual Studio Version 16
VisualStudioVersion = 16.0.29926.136
MinimumVisualStudioVersion = 10.0.40219.1
Project("{FAE04EC0-301F-11D3-BF4B-00C04F79EFBC}") = "PortfolioTrackerApp", "PortfolioTrackerApp\PortfolioTrackerApp.csproj", "{EE3CA5EA-5887-4274-9E61-49BEFB7F5524}"
EndProject
Project("{FAE04EC0-301F-11D3-BF4B-00C04F79EFBC}") = "Service", "Service\Service.csproj", "{CA40F84F-92B8-41FE-8EE3-15F221F0E8E9}"
EndProject
Project("{FAE04EC0-301F-11D3-BF4B-00C04F79EFBC}") = "Infrastructure", "Infrastructure\Infrastructure.csproj", "{30058A8D-10C2-4AF4-966F-F3FC9A2C4713}"
EndProject
Project("{FAE04EC0-301F-11D3-BF4B-00C04F79EFBC}") = "Test", "Test\Test.csproj", "{8BF56E3E-9CA0-44D7-B55B-44074DAE6995}"
EndProject
Project("{FAE04EC0-301F-11D3-BF4B-00C04F79EFBC}") = "Common", "Common\Common.csproj", "{32C770D7-4BB4-4A92-87BC-F7FDA3F0143C}"
EndProject
Global
	GlobalSection(SolutionConfigurationPlatforms) = preSolution
		Debug|Any CPU = Debug|Any CPU
		Release|Any CPU = Release|Any CPU
	EndGlobalSection
	GlobalSection(ProjectConfigurationPlatforms) = postSolution
		{EE3CA5EA-5887-4274-9E61-49BEFB7F5524}.Debug|Any CPU.ActiveCfg = Debug|Any CPU
		{EE3CA5EA-5887-4274-9E61-49BEFB7F5524}.Debug|Any CPU.Build.0 = Debug|Any CPU
		{EE3CA5EA-5887-4274-9E61-49BEFB7F5524}.Release|Any CPU.ActiveCfg = Release|Any CPU
		{EE3CA5EA-5887-4274-9E61-49BEFB7F5524}.Release|Any CPU.Build.0 = Release|Any CPU
		{CA40F84F-92B8-41FE-8EE3-15F221F0E8E9}.Debug|Any CPU.ActiveCfg = Debug|Any CPU
		{CA40F84F-92B8-41FE-8EE3-15F221F0E8E9}.Debug|Any CPU.Build.0 = Debug|Any CPU
		{CA40F84F-92B8-41FE-8EE3-15F221F0E8E9}.Release|Any CPU.ActiveCfg = Release|Any CPU
		{CA40F84F-92B8-41FE-8EE3-15F221F0E8E9}.Release|Any CPU.Build.0 = Release|Any CPU
		{30058A8D-10C2-4AF4-966F-F3FC9A2C4713}.Debug|Any CPU.ActiveCfg = Debug|Any CPU
		{30058A8D-10C2-4AF4-966F-F3FC9A2C4713}.Debug|Any CPU.Build.0 = Debug|Any CPU
		{30058A8D-10C2-4AF4-966F-F3FC9A2C4713}.Release|Any CPU.ActiveCfg = Release|Any CPU
		{30058A8D-10C2-4AF4-966F-F3FC9A2C4713}.Release|Any CPU.Build.0 = Release|Any CPU
		{8BF56E3E-9CA0-44D7-B55B-44074DAE6995}.Debug|Any CPU.ActiveCfg = Debug|Any CPU
		{8BF56E3E-9CA0-44D7-B55B-44074DAE6995}.Debug|Any CPU.Build.0 = Debug|Any CPU
		{8BF56E3E-9CA0-44D7-B55B-44074DAE6995}.Release|Any CPU.ActiveCfg = Release|Any CPU
		{8BF56E3E-9CA0-44D7-B55B-44074DAE6995}.Release|Any CPU.Build.0 = Release|Any CPU
		{32C770D7-4BB4-4A92-87BC-F7FDA3F0143C}.Debug|Any CPU.ActiveCfg = Debug|Any CPU
		{32C770D7-4BB4-4A92-87BC-F7FDA3F0143C}.Debug|Any CPU.Build.0 = Debug|Any CPU
		{32C770D7-4BB4-4A92-87BC-F7FDA3F0143C}.Release|Any CPU.ActiveCfg = Release|Any CPU
		{32C770D7-4BB4-4A92-87BC-F7FDA3F0143C}.Release|Any CPU.Build.0 = Release|Any CPU
	EndGlobalSection
	GlobalSection(SolutionProperties) = preSolution
		HideSolutionNode = FALSE
	EndGlobalSection
	GlobalSection(ExtensibilityGlobals) = postSolution
		SolutionGuid = {189ACAD5-FE66-4419-A735-068CF8DA2242}
	EndGlobalSection
EndGlobal
